
Microsoft Visual Studio Solution File, Format Version 12.00
# Visual Studio 15
Project("{FAE04EC0-301F-11D3-BF4B-00C04F79EFBC}") = "CConsola", "CConsola\CConsola.csproj", "{C6E4DCE2-7754-4963-9DF5-D52ACEDD4C40}"
EndProject
Global
	GlobalSection(SolutionConfigurationPlatforms) = preSolution
		Debug|x86 = Debug|x86
		Release|x86 = Release|x86
	EndGlobalSection
	GlobalSection(ProjectConfigurationPlatforms) = postSolution
		{C6E4DCE2-7754-4963-9DF5-D52ACEDD4C40}.Debug|x86.ActiveCfg = Debug|x86
		{C6E4DCE2-7754-4963-9DF5-D52ACEDD4C40}.Debug|x86.Build.0 = Debug|x86
		{C6E4DCE2-7754-4963-9DF5-D52ACEDD4C40}.Release|x86.ActiveCfg = Release|x86
		{C6E4DCE2-7754-4963-9DF5-D52ACEDD4C40}.Release|x86.Build.0 = Release|x86
	EndGlobalSection
EndGlobal
